// !$*UTF8*$!
{
	archiveVersion = 1;
	classes = {
	};
	objectVersion = 46;
	objects = {

/* Begin PBXBuildFile section */
		17C59BAD1BFB21E1007EC7A6 /* main.m in Sources */ = {isa = PBXBuildFile; fileRef = 17C59BAC1BFB21E1007EC7A6 /* main.m */; };
		17C59BB01BFB21E1007EC7A6 /* AppDelegate.m in Sources */ = {isa = PBXBuildFile; fileRef = 17C59BAF1BFB21E1007EC7A6 /* AppDelegate.m */; };
		17C59BB31BFB21E1007EC7A6 /* ViewController.m in Sources */ = {isa = PBXBuildFile; fileRef = 17C59BB21BFB21E1007EC7A6 /* ViewController.m */; };
		17C59BB61BFB21E1007EC7A6 /* Main.storyboard in Resources */ = {isa = PBXBuildFile; fileRef = 17C59BB41BFB21E1007EC7A6 /* Main.storyboard */; };
		17C59BB81BFB21E1007EC7A6 /* Assets.xcassets in Resources */ = {isa = PBXBuildFile; fileRef = 17C59BB71BFB21E1007EC7A6 /* Assets.xcassets */; };
		17C59BBB1BFB21E1007EC7A6 /* LaunchScreen.storyboard in Resources */ = {isa = PBXBuildFile; fileRef = 17C59BB91BFB21E1007EC7A6 /* LaunchScreen.storyboard */; };
		17C59BE41BFB2627007EC7A6 /* cwf.framework in Frameworks */ = {isa = PBXBuildFile; fileRef = 17C59BE31BFB2627007EC7A6 /* cwf.framework */; };
		17C59BF01BFB2680007EC7A6 /* log_test.c in Sources */ = {isa = PBXBuildFile; fileRef = 17C59BE81BFB2680007EC7A6 /* log_test.c */; };
		17C59BF11BFB2680007EC7A6 /* impl_test.c in Sources */ = {isa = PBXBuildFile; fileRef = 17C59BEB1BFB2680007EC7A6 /* impl_test.c */; };
		17C59BF21BFB2680007EC7A6 /* netw_test.c in Sources */ = {isa = PBXBuildFile; fileRef = 17C59BEC1BFB2680007EC7A6 /* netw_test.c */; };
		17C59BF31BFB2680007EC7A6 /* proc_test.c in Sources */ = {isa = PBXBuildFile; fileRef = 17C59BEE1BFB2680007EC7A6 /* proc_test.c */; };
/* End PBXBuildFile section */

/* Begin PBXCopyFilesBuildPhase section */
		17C59BDD1BFB24C4007EC7A6 /* Embed Frameworks */ = {
			isa = PBXCopyFilesBuildPhase;
			buildActionMask = 2147483647;
			dstPath = "";
			dstSubfolderSpec = 10;
			files = (
			);
			name = "Embed Frameworks";
			runOnlyForDeploymentPostprocessing = 0;
		};
/* End PBXCopyFilesBuildPhase section */

/* Begin PBXFileReference section */
		17C59BA81BFB21E1007EC7A6 /* cwf-test.app */ = {isa = PBXFileReference; explicitFileType = wrapper.application; includeInIndex = 0; path = "cwf-test.app"; sourceTree = BUILT_PRODUCTS_DIR; };
		17C59BAC1BFB21E1007EC7A6 /* main.m */ = {isa = PBXFileReference; lastKnownFileType = sourcecode.c.objc; path = main.m; sourceTree = "<group>"; };
		17C59BAE1BFB21E1007EC7A6 /* AppDelegate.h */ = {isa = PBXFileReference; lastKnownFileType = sourcecode.c.h; path = AppDelegate.h; sourceTree = "<group>"; };
		17C59BAF1BFB21E1007EC7A6 /* AppDelegate.m */ = {isa = PBXFileReference; lastKnownFileType = sourcecode.c.objc; path = AppDelegate.m; sourceTree = "<group>"; };
		17C59BB11BFB21E1007EC7A6 /* ViewController.h */ = {isa = PBXFileReference; lastKnownFileType = sourcecode.c.h; path = ViewController.h; sourceTree = "<group>"; };
		17C59BB21BFB21E1007EC7A6 /* ViewController.m */ = {isa = PBXFileReference; lastKnownFileType = sourcecode.c.objc; path = ViewController.m; sourceTree = "<group>"; };
		17C59BB51BFB21E1007EC7A6 /* Base */ = {isa = PBXFileReference; lastKnownFileType = file.storyboard; name = Base; path = Base.lproj/Main.storyboard; sourceTree = "<group>"; };
		17C59BB71BFB21E1007EC7A6 /* Assets.xcassets */ = {isa = PBXFileReference; lastKnownFileType = folder.assetcatalog; path = Assets.xcassets; sourceTree = "<group>"; };
		17C59BBA1BFB21E1007EC7A6 /* Base */ = {isa = PBXFileReference; lastKnownFileType = file.storyboard; name = Base; path = Base.lproj/LaunchScreen.storyboard; sourceTree = "<group>"; };
		17C59BBC1BFB21E1007EC7A6 /* Info.plist */ = {isa = PBXFileReference; lastKnownFileType = text.plist.xml; path = Info.plist; sourceTree = "<group>"; };
		17C59BE31BFB2627007EC7A6 /* cwf.framework */ = {isa = PBXFileReference; lastKnownFileType = wrapper.framework; name = cwf.framework; path = "../Debug-iphoneos/cwf.framework"; sourceTree = "<group>"; };
		17C59BE81BFB2680007EC7A6 /* log_test.c */ = {isa = PBXFileReference; fileEncoding = 4; lastKnownFileType = sourcecode.c.c; path = log_test.c; sourceTree = "<group>"; };
		17C59BEB1BFB2680007EC7A6 /* impl_test.c */ = {isa = PBXFileReference; fileEncoding = 4; lastKnownFileType = sourcecode.c.c; path = impl_test.c; sourceTree = "<group>"; };
		17C59BEC1BFB2680007EC7A6 /* netw_test.c */ = {isa = PBXFileReference; fileEncoding = 4; lastKnownFileType = sourcecode.c.c; path = netw_test.c; sourceTree = "<group>"; };
		17C59BEE1BFB2680007EC7A6 /* proc_test.c */ = {isa = PBXFileReference; fileEncoding = 4; lastKnownFileType = sourcecode.c.c; path = proc_test.c; sourceTree = "<group>"; };
/* End PBXFileReference section */

/* Begin PBXFrameworksBuildPhase section */
		17C59BA51BFB21E1007EC7A6 /* Frameworks */ = {
			isa = PBXFrameworksBuildPhase;
			buildActionMask = 2147483647;
			files = (
				17C59BE41BFB2627007EC7A6 /* cwf.framework in Frameworks */,
			);
			runOnlyForDeploymentPostprocessing = 0;
		};
/* End PBXFrameworksBuildPhase section */

/* Begin PBXGroup section */
		17C59B9F1BFB21E1007EC7A6 = {
			isa = PBXGroup;
			children = (
				17C59BE51BFB2680007EC7A6 /* test */,
				17C59BE31BFB2627007EC7A6 /* cwf.framework */,
				17C59BAA1BFB21E1007EC7A6 /* cwf-test */,
				17C59BA91BFB21E1007EC7A6 /* Products */,
			);
			sourceTree = "<group>";
		};
		17C59BA91BFB21E1007EC7A6 /* Products */ = {
			isa = PBXGroup;
			children = (
				17C59BA81BFB21E1007EC7A6 /* cwf-test.app */,
			);
			name = Products;
			sourceTree = "<group>";
		};
		17C59BAA1BFB21E1007EC7A6 /* cwf-test */ = {
			isa = PBXGroup;
			children = (
				17C59BAE1BFB21E1007EC7A6 /* AppDelegate.h */,
				17C59BAF1BFB21E1007EC7A6 /* AppDelegate.m */,
				17C59BB11BFB21E1007EC7A6 /* ViewController.h */,
				17C59BB21BFB21E1007EC7A6 /* ViewController.m */,
				17C59BB41BFB21E1007EC7A6 /* Main.storyboard */,
				17C59BB71BFB21E1007EC7A6 /* Assets.xcassets */,
				17C59BB91BFB21E1007EC7A6 /* LaunchScreen.storyboard */,
				17C59BBC1BFB21E1007EC7A6 /* Info.plist */,
				17C59BAB1BFB21E1007EC7A6 /* Supporting Files */,
			);
			path = "cwf-test";
			sourceTree = "<group>";
		};
		17C59BAB1BFB21E1007EC7A6 /* Supporting Files */ = {
			isa = PBXGroup;
			children = (
				17C59BAC1BFB21E1007EC7A6 /* main.m */,
			);
			name = "Supporting Files";
			sourceTree = "<group>";
		};
		17C59BE51BFB2680007EC7A6 /* test */ = {
			isa = PBXGroup;
			children = (
				17C59BE71BFB2680007EC7A6 /* log */,
				17C59BE91BFB2680007EC7A6 /* netw */,
				17C59BED1BFB2680007EC7A6 /* proc */,
			);
			name = test;
			path = ../../test;
			sourceTree = "<group>";
		};
		17C59BE71BFB2680007EC7A6 /* log */ = {
			isa = PBXGroup;
			children = (
				17C59BE81BFB2680007EC7A6 /* log_test.c */,
			);
			path = log;
			sourceTree = "<group>";
		};
		17C59BE91BFB2680007EC7A6 /* netw */ = {
			isa = PBXGroup;
			children = (
				17C59BEA1BFB2680007EC7A6 /* impl */,
				17C59BEC1BFB2680007EC7A6 /* netw_test.c */,
			);
			path = netw;
			sourceTree = "<group>";
		};
		17C59BEA1BFB2680007EC7A6 /* impl */ = {
			isa = PBXGroup;
			children = (
				17C59BEB1BFB2680007EC7A6 /* impl_test.c */,
			);
			path = impl;
			sourceTree = "<group>";
		};
		17C59BED1BFB2680007EC7A6 /* proc */ = {
			isa = PBXGroup;
			children = (
				17C59BEE1BFB2680007EC7A6 /* proc_test.c */,
			);
			path = proc;
			sourceTree = "<group>";
		};
/* End PBXGroup section */

/* Begin PBXNativeTarget section */
		17C59BA71BFB21E1007EC7A6 /* cwf-test */ = {
			isa = PBXNativeTarget;
			buildConfigurationList = 17C59BBF1BFB21E1007EC7A6 /* Build configuration list for PBXNativeTarget "cwf-test" */;
			buildPhases = (
				17C59BA41BFB21E1007EC7A6 /* Sources */,
				17C59BA51BFB21E1007EC7A6 /* Frameworks */,
				17C59BA61BFB21E1007EC7A6 /* Resources */,
				17C59BDD1BFB24C4007EC7A6 /* Embed Frameworks */,
			);
			buildRules = (
			);
			dependencies = (
			);
			name = "cwf-test";
			productName = "cwf-test";
			productReference = 17C59BA81BFB21E1007EC7A6 /* cwf-test.app */;
			productType = "com.apple.product-type.application";
		};
/* End PBXNativeTarget section */

/* Begin PBXProject section */
		17C59BA01BFB21E1007EC7A6 /* Project object */ = {
			isa = PBXProject;
			attributes = {
				LastUpgradeCheck = 0710;
				ORGANIZATIONNAME = vty;
				TargetAttributes = {
					17C59BA71BFB21E1007EC7A6 = {
						CreatedOnToolsVersion = 7.1;
					};
				};
			};
			buildConfigurationList = 17C59BA31BFB21E1007EC7A6 /* Build configuration list for PBXProject "cwf-test" */;
			compatibilityVersion = "Xcode 3.2";
			developmentRegion = English;
			hasScannedForEncodings = 0;
			knownRegions = (
				en,
				Base,
			);
			mainGroup = 17C59B9F1BFB21E1007EC7A6;
			productRefGroup = 17C59BA91BFB21E1007EC7A6 /* Products */;
			projectDirPath = "";
			projectRoot = "";
			targets = (
				17C59BA71BFB21E1007EC7A6 /* cwf-test */,
			);
		};
/* End PBXProject section */

/* Begin PBXResourcesBuildPhase section */
		17C59BA61BFB21E1007EC7A6 /* Resources */ = {
			isa = PBXResourcesBuildPhase;
			buildActionMask = 2147483647;
			files = (
				17C59BBB1BFB21E1007EC7A6 /* LaunchScreen.storyboard in Resources */,
				17C59BB81BFB21E1007EC7A6 /* Assets.xcassets in Resources */,
				17C59BB61BFB21E1007EC7A6 /* Main.storyboard in Resources */,
			);
			runOnlyForDeploymentPostprocessing = 0;
		};
/* End PBXResourcesBuildPhase section */

/* Begin PBXSourcesBuildPhase section */
		17C59BA41BFB21E1007EC7A6 /* Sources */ = {
			isa = PBXSourcesBuildPhase;
			buildActionMask = 2147483647;
			files = (
				17C59BF21BFB2680007EC7A6 /* netw_test.c in Sources */,
				17C59BB31BFB21E1007EC7A6 /* ViewController.m in Sources */,
				17C59BB01BFB21E1007EC7A6 /* AppDelegate.m in Sources */,
				17C59BF01BFB2680007EC7A6 /* log_test.c in Sources */,
				17C59BF11BFB2680007EC7A6 /* impl_test.c in Sources */,
				17C59BAD1BFB21E1007EC7A6 /* main.m in Sources */,
				17C59BF31BFB2680007EC7A6 /* proc_test.c in Sources */,
			);
			runOnlyForDeploymentPostprocessing = 0;
		};
/* End PBXSourcesBuildPhase section */

/* Begin PBXVariantGroup section */
		17C59BB41BFB21E1007EC7A6 /* Main.storyboard */ = {
			isa = PBXVariantGroup;
			children = (
				17C59BB51BFB21E1007EC7A6 /* Base */,
			);
			name = Main.storyboard;
			sourceTree = "<group>";
		};
		17C59BB91BFB21E1007EC7A6 /* LaunchScreen.storyboard */ = {
			isa = PBXVariantGroup;
			children = (
				17C59BBA1BFB21E1007EC7A6 /* Base */,
			);
			name = LaunchScreen.storyboard;
			sourceTree = "<group>";
		};
/* End PBXVariantGroup section */

/* Begin XCBuildConfiguration section */
		17C59BBD1BFB21E1007EC7A6 /* Debug */ = {
			isa = XCBuildConfiguration;
			buildSettings = {
				ALWAYS_SEARCH_USER_PATHS = NO;
				CLANG_CXX_LANGUAGE_STANDARD = "gnu++0x";
				CLANG_CXX_LIBRARY = "libc++";
				CLANG_ENABLE_MODULES = YES;
				CLANG_ENABLE_OBJC_ARC = YES;
				CLANG_WARN_BOOL_CONVERSION = YES;
				CLANG_WARN_CONSTANT_CONVERSION = YES;
				CLANG_WARN_DIRECT_OBJC_ISA_USAGE = YES_ERROR;
				CLANG_WARN_EMPTY_BODY = YES;
				CLANG_WARN_ENUM_CONVERSION = YES;
				CLANG_WARN_INT_CONVERSION = YES;
				CLANG_WARN_OBJC_ROOT_CLASS = YES_ERROR;
				CLANG_WARN_UNREACHABLE_CODE = YES;
				CLANG_WARN__DUPLICATE_METHOD_MATCH = YES;
				"CODE_SIGN_IDENTITY[sdk=iphoneos*]" = "iPhone Developer";
				COPY_PHASE_STRIP = NO;
				DEBUG_INFORMATION_FORMAT = dwarf;
				ENABLE_STRICT_OBJC_MSGSEND = YES;
				ENABLE_TESTABILITY = YES;
				GCC_C_LANGUAGE_STANDARD = gnu99;
				GCC_DYNAMIC_NO_PIC = NO;
				GCC_NO_COMMON_BLOCKS = YES;
				GCC_OPTIMIZATION_LEVEL = 0;
				GCC_PREPROCESSOR_DEFINITIONS = (
					"DEBUG=1",
					"$(inherited)",
				);
				GCC_WARN_64_TO_32_BIT_CONVERSION = YES;
				GCC_WARN_ABOUT_RETURN_TYPE = YES_ERROR;
				GCC_WARN_UNDECLARED_SELECTOR = YES;
				GCC_WARN_UNINITIALIZED_AUTOS = YES_AGGRESSIVE;
				GCC_WARN_UNUSED_FUNCTION = YES;
				GCC_WARN_UNUSED_VARIABLE = YES;
				IPHONEOS_DEPLOYMENT_TARGET = 9.1;
				MTL_ENABLE_DEBUG_INFO = YES;
				ONLY_ACTIVE_ARCH = YES;
				SDKROOT = iphoneos;
				TARGETED_DEVICE_FAMILY = "1,2";
			};
			name = Debug;
		};
		17C59BBE1BFB21E1007EC7A6 /* Release */ = {
			isa = XCBuildConfiguration;
			buildSettings = {
				ALWAYS_SEARCH_USER_PATHS = NO;
				CLANG_CXX_LANGUAGE_STANDARD = "gnu++0x";
				CLANG_CXX_LIBRARY = "libc++";
				CLANG_ENABLE_MODULES = YES;
				CLANG_ENABLE_OBJC_ARC = YES;
				CLANG_WARN_BOOL_CONVERSION = YES;
				CLANG_WARN_CONSTANT_CONVERSION = YES;
				CLANG_WARN_DIRECT_OBJC_ISA_USAGE = YES_ERROR;
				CLANG_WARN_EMPTY_BODY = YES;
				CLANG_WARN_ENUM_CONVERSION = YES;
				CLANG_WARN_INT_CONVERSION = YES;
				CLANG_WARN_OBJC_ROOT_CLASS = YES_ERROR;
				CLANG_WARN_UNREACHABLE_CODE = YES;
				CLANG_WARN__DUPLICATE_METHOD_MATCH = YES;
				"CODE_SIGN_IDENTITY[sdk=iphoneos*]" = "iPhone Developer";
				COPY_PHASE_STRIP = NO;
				DEBUG_INFORMATION_FORMAT = "dwarf-with-dsym";
				ENABLE_NS_ASSERTIONS = NO;
				ENABLE_STRICT_OBJC_MSGSEND = YES;
				GCC_C_LANGUAGE_STANDARD = gnu99;
				GCC_NO_COMMON_BLOCKS = YES;
				GCC_WARN_64_TO_32_BIT_CONVERSION = YES;
				GCC_WARN_ABOUT_RETURN_TYPE = YES_ERROR;
				GCC_WARN_UNDECLARED_SELECTOR = YES;
				GCC_WARN_UNINITIALIZED_AUTOS = YES_AGGRESSIVE;
				GCC_WARN_UNUSED_FUNCTION = YES;
				GCC_WARN_UNUSED_VARIABLE = YES;
				IPHONEOS_DEPLOYMENT_TARGET = 9.1;
				MTL_ENABLE_DEBUG_INFO = NO;
				SDKROOT = iphoneos;
				TARGETED_DEVICE_FAMILY = "1,2";
				VALIDATE_PRODUCT = YES;
			};
			name = Release;
		};
		17C59BC01BFB21E1007EC7A6 /* Debug */ = {
			isa = XCBuildConfiguration;
			buildSettings = {
				ASSETCATALOG_COMPILER_APPICON_NAME = AppIcon;
				FRAMEWORK_SEARCH_PATHS = "$(PROJECT_DIR)/../$(CONFIGURATION)$(EFFECTIVE_PLATFORM_NAME)";
				INFOPLIST_FILE = "cwf-test/Info.plist";
				LD_RUNPATH_SEARCH_PATHS = "$(inherited) @executable_path/Frameworks";
				PRODUCT_BUNDLE_IDENTIFIER = "io.snows.cwf-test";
				PRODUCT_NAME = "$(TARGET_NAME)";
			};
			name = Debug;
		};
		17C59BC11BFB21E1007EC7A6 /* Release */ = {
			isa = XCBuildConfiguration;
			buildSettings = {
				ASSETCATALOG_COMPILER_APPICON_NAME = AppIcon;
				FRAMEWORK_SEARCH_PATHS = "$(PROJECT_DIR)/../$(CONFIGURATION)$(EFFECTIVE_PLATFORM_NAME)";
				INFOPLIST_FILE = "cwf-test/Info.plist";
				LD_RUNPATH_SEARCH_PATHS = "$(inherited) @executable_path/Frameworks";
				PRODUCT_BUNDLE_IDENTIFIER = "io.snows.cwf-test";
				PRODUCT_NAME = "$(TARGET_NAME)";
			};
			name = Release;
		};
/* End XCBuildConfiguration section */

/* Begin XCConfigurationList section */
		17C59BA31BFB21E1007EC7A6 /* Build configuration list for PBXProject "cwf-test" */ = {
			isa = XCConfigurationList;
			buildConfigurations = (
				17C59BBD1BFB21E1007EC7A6 /* Debug */,
				17C59BBE1BFB21E1007EC7A6 /* Release */,
			);
			defaultConfigurationIsVisible = 0;
			defaultConfigurationName = Release;
		};
		17C59BBF1BFB21E1007EC7A6 /* Build configuration list for PBXNativeTarget "cwf-test" */ = {
			isa = XCConfigurationList;
			buildConfigurations = (
				17C59BC01BFB21E1007EC7A6 /* Debug */,
				17C59BC11BFB21E1007EC7A6 /* Release */,
			);
			defaultConfigurationIsVisible = 0;
			defaultConfigurationName = Release;
		};
/* End XCConfigurationList section */
	};
	rootObject = 17C59BA01BFB21E1007EC7A6 /* Project object */;
}
